
Microsoft Visual Studio Solution File, Format Version 12.00
# Visual Studio Version 17
VisualStudioVersion = 17.6.33723.286
MinimumVisualStudioVersion = 10.0.40219.1
Project("{FAE04EC0-301F-11D3-BF4B-00C04F79EFBC}") = "Menu", "Menu\Menu.csproj", "{E63E0CF1-DB08-4405-9FCF-340A90508F16}"
EndProject
Global
	GlobalSection(SolutionConfigurationPlatforms) = preSolution
		Debug|Any CPU = Debug|Any CPU
		Release|Any CPU = Release|Any CPU
	EndGlobalSection
	GlobalSection(ProjectConfigurationPlatforms) = postSolution
		{E63E0CF1-DB08-4405-9FCF-340A90508F16}.Debug|Any CPU.ActiveCfg = Debug|Any CPU
		{E63E0CF1-DB08-4405-9FCF-340A90508F16}.Debug|Any CPU.Build.0 = Debug|Any CPU
		{E63E0CF1-DB08-4405-9FCF-340A90508F16}.Release|Any CPU.ActiveCfg = Release|Any CPU
		{E63E0CF1-DB08-4405-9FCF-340A90508F16}.Release|Any CPU.Build.0 = Release|Any CPU
	EndGlobalSection
	GlobalSection(SolutionProperties) = preSolution
		HideSolutionNode = FALSE
	EndGlobalSection
	GlobalSection(ExtensibilityGlobals) = postSolution
		SolutionGuid = {A8A5D700-7FA1-49FA-A5CC-C9A6B9CA9384}
	EndGlobalSection
EndGlobal
